
Microsoft Visual Studio Solution File, Format Version 12.00
# Visual Studio Version 16
VisualStudioVersion = 16.0.32002.222
MinimumVisualStudioVersion = 10.0.40219.1
Project("{FAE04EC0-301F-11D3-BF4B-00C04F79EFBC}") = "FileUploadAppTests", "FileUploadAppTests\FileUploadAppTests.csproj", "{E126CBCB-AC8A-49C3-9470-91C8517B5E70}"
EndProject
Global
	GlobalSection(SolutionConfigurationPlatforms) = preSolution
		Debug|Any CPU = Debug|Any CPU
		Release|Any CPU = Release|Any CPU
	EndGlobalSection
	GlobalSection(ProjectConfigurationPlatforms) = postSolution
		{E126CBCB-AC8A-49C3-9470-91C8517B5E70}.Debug|Any CPU.ActiveCfg = Debug|Any CPU
		{E126CBCB-AC8A-49C3-9470-91C8517B5E70}.Debug|Any CPU.Build.0 = Debug|Any CPU
		{E126CBCB-AC8A-49C3-9470-91C8517B5E70}.Release|Any CPU.ActiveCfg = Release|Any CPU
		{E126CBCB-AC8A-49C3-9470-91C8517B5E70}.Release|Any CPU.Build.0 = Release|Any CPU
	EndGlobalSection
	GlobalSection(SolutionProperties) = preSolution
		HideSolutionNode = FALSE
	EndGlobalSection
	GlobalSection(ExtensibilityGlobals) = postSolution
		SolutionGuid = {AA2C556D-B885-4BF4-9781-8843492CFFDD}
	EndGlobalSection
EndGlobal
